
Microsoft Visual Studio Solution File, Format Version 12.00
# Visual Studio 15
VisualStudioVersion = 15.0.27130.2027
MinimumVisualStudioVersion = 10.0.40219.1
Project("{9A19103F-16F7-4668-BE54-9A1E7A4F7556}") = "Plugin.MyProject.Import", "Plugin.MyProject.Import.csproj", "{548B9946-FC1F-4089-B90E-737D95D7E7BA}"
EndProject
Global
	GlobalSection(SolutionConfigurationPlatforms) = preSolution
		Debug|Any CPU = Debug|Any CPU
		Release|Any CPU = Release|Any CPU
	EndGlobalSection
	GlobalSection(ProjectConfigurationPlatforms) = postSolution
		{548B9946-FC1F-4089-B90E-737D95D7E7BA}.Debug|Any CPU.ActiveCfg = Debug|Any CPU
		{548B9946-FC1F-4089-B90E-737D95D7E7BA}.Debug|Any CPU.Build.0 = Debug|Any CPU
		{548B9946-FC1F-4089-B90E-737D95D7E7BA}.Release|Any CPU.ActiveCfg = Release|Any CPU
		{548B9946-FC1F-4089-B90E-737D95D7E7BA}.Release|Any CPU.Build.0 = Release|Any CPU
	EndGlobalSection
	GlobalSection(SolutionProperties) = preSolution
		HideSolutionNode = FALSE
	EndGlobalSection
	GlobalSection(ExtensibilityGlobals) = postSolution
		SolutionGuid = {B688AAEA-F42E-4A1A-89D0-6A0808097640}
	EndGlobalSection
EndGlobal
